
Microsoft Visual Studio Solution File, Format Version 12.00
# Visual Studio Version 17
VisualStudioVersion = 17.11.35312.102
MinimumVisualStudioVersion = 10.0.40219.1
Project("{FAE04EC0-301F-11D3-BF4B-00C04F79EFBC}") = "TimeTable-Generator", "TimeTable-Generator\TimeTable-Generator.csproj", "{77314630-EA10-4CB3-B222-BBA3B26DA122}"
EndProject
Project("{FAE04EC0-301F-11D3-BF4B-00C04F79EFBC}") = "CustomControls", "..\Button_Control\CustomControls.csproj", "{B5BF60A5-76F1-4682-B17F-95EEBA8A30C2}"
EndProject
Project("{54435603-DBB4-11D2-8724-00A0C9A8B90C}") = "TimeTableGenerator", "TimeTableGenerator\TimeTableGenerator.vdproj", "{033B599F-5B8F-4678-8138-5A9AA4F2A1AC}"
EndProject
Global
	GlobalSection(SolutionConfigurationPlatforms) = preSolution
		Debug|Any CPU = Debug|Any CPU
		Release|Any CPU = Release|Any CPU
	EndGlobalSection
	GlobalSection(ProjectConfigurationPlatforms) = postSolution
		{77314630-EA10-4CB3-B222-BBA3B26DA122}.Debug|Any CPU.ActiveCfg = Debug|Any CPU
		{77314630-EA10-4CB3-B222-BBA3B26DA122}.Debug|Any CPU.Build.0 = Debug|Any CPU
		{77314630-EA10-4CB3-B222-BBA3B26DA122}.Release|Any CPU.ActiveCfg = Release|Any CPU
		{77314630-EA10-4CB3-B222-BBA3B26DA122}.Release|Any CPU.Build.0 = Release|Any CPU
		{B5BF60A5-76F1-4682-B17F-95EEBA8A30C2}.Debug|Any CPU.ActiveCfg = Debug|Any CPU
		{B5BF60A5-76F1-4682-B17F-95EEBA8A30C2}.Debug|Any CPU.Build.0 = Debug|Any CPU
		{B5BF60A5-76F1-4682-B17F-95EEBA8A30C2}.Release|Any CPU.ActiveCfg = Release|Any CPU
		{B5BF60A5-76F1-4682-B17F-95EEBA8A30C2}.Release|Any CPU.Build.0 = Release|Any CPU
		{033B599F-5B8F-4678-8138-5A9AA4F2A1AC}.Debug|Any CPU.ActiveCfg = Debug
		{033B599F-5B8F-4678-8138-5A9AA4F2A1AC}.Release|Any CPU.ActiveCfg = Release
	EndGlobalSection
	GlobalSection(SolutionProperties) = preSolution
		HideSolutionNode = FALSE
	EndGlobalSection
	GlobalSection(ExtensibilityGlobals) = postSolution
		SolutionGuid = {167BAE63-EAE1-4961-8B37-FF4258AEB8CA}
	EndGlobalSection
EndGlobal
